// !$*UTF8*$!
{
	archiveVersion = 1;
	classes = {
	};
	objectVersion = 46;
	objects = {

/* Begin PBXBuildFile section */
		E25EDBD41F3D343D00391C79 /* SelectionViewController.swift in Sources */ = {isa = PBXBuildFile; fileRef = E25EDBD31F3D343D00391C79 /* SelectionViewController.swift */; };
		E25EDBD81F3D37BA00391C79 /* Assets.xcassets in Resources */ = {isa = PBXBuildFile; fileRef = E25EDBD71F3D37BA00391C79 /* Assets.xcassets */; };
		E2D9E56F1F3D30F500B69E01 /* AppDelegate.swift in Sources */ = {isa = PBXBuildFile; fileRef = E2D9E56E1F3D30F500B69E01 /* AppDelegate.swift */; };
		E2D9E5711F3D30F500B69E01 /* BaseController.swift in Sources */ = {isa = PBXBuildFile; fileRef = E2D9E5701F3D30F500B69E01 /* BaseController.swift */; };
		E2D9E5741F3D30F500B69E01 /* Main.storyboard in Resources */ = {isa = PBXBuildFile; fileRef = E2D9E5721F3D30F500B69E01 /* Main.storyboard */; };
		E2D9E5791F3D30F500B69E01 /* LaunchScreen.storyboard in Resources */ = {isa = PBXBuildFile; fileRef = E2D9E5771F3D30F500B69E01 /* LaunchScreen.storyboard */; };
		E2D9E5811F3D31E800B69E01 /* pokemon.png in Resources */ = {isa = PBXBuildFile; fileRef = E2D9E5801F3D31E800B69E01 /* pokemon.png */; };
/* End PBXBuildFile section */

/* Begin PBXFileReference section */
		E25EDBD31F3D343D00391C79 /* SelectionViewController.swift */ = {isa = PBXFileReference; fileEncoding = 4; lastKnownFileType = sourcecode.swift; path = SelectionViewController.swift; sourceTree = "<group>"; };
		E25EDBD71F3D37BA00391C79 /* Assets.xcassets */ = {isa = PBXFileReference; lastKnownFileType = folder.assetcatalog; path = Assets.xcassets; sourceTree = "<group>"; };
		E2D9E56B1F3D30F500B69E01 /* Delegates-Protocols.app */ = {isa = PBXFileReference; explicitFileType = wrapper.application; includeInIndex = 0; path = "Delegates-Protocols.app"; sourceTree = BUILT_PRODUCTS_DIR; };
		E2D9E56E1F3D30F500B69E01 /* AppDelegate.swift */ = {isa = PBXFileReference; lastKnownFileType = sourcecode.swift; path = AppDelegate.swift; sourceTree = "<group>"; };
		E2D9E5701F3D30F500B69E01 /* BaseController.swift */ = {isa = PBXFileReference; lastKnownFileType = sourcecode.swift; path = BaseController.swift; sourceTree = "<group>"; };
		E2D9E5731F3D30F500B69E01 /* Base */ = {isa = PBXFileReference; lastKnownFileType = file.storyboard; name = Base; path = Base.lproj/Main.storyboard; sourceTree = "<group>"; };
		E2D9E5781F3D30F500B69E01 /* Base */ = {isa = PBXFileReference; lastKnownFileType = file.storyboard; name = Base; path = Base.lproj/LaunchScreen.storyboard; sourceTree = "<group>"; };
		E2D9E57A1F3D30F500B69E01 /* Info.plist */ = {isa = PBXFileReference; lastKnownFileType = text.plist.xml; path = Info.plist; sourceTree = "<group>"; };
		E2D9E5801F3D31E800B69E01 /* pokemon.png */ = {isa = PBXFileReference; lastKnownFileType = image.png; path = pokemon.png; sourceTree = "<group>"; };
/* End PBXFileReference section */

/* Begin PBXFrameworksBuildPhase section */
		E2D9E5681F3D30F500B69E01 /* Frameworks */ = {
			isa = PBXFrameworksBuildPhase;
			buildActionMask = 2147483647;
			files = (
			);
			runOnlyForDeploymentPostprocessing = 0;
		};
/* End PBXFrameworksBuildPhase section */

/* Begin PBXGroup section */
		E2D9E5621F3D30F500B69E01 = {
			isa = PBXGroup;
			children = (
				E2D9E56D1F3D30F500B69E01 /* Delegates-Protocols */,
				E2D9E56C1F3D30F500B69E01 /* Products */,
			);
			sourceTree = "<group>";
		};
		E2D9E56C1F3D30F500B69E01 /* Products */ = {
			isa = PBXGroup;
			children = (
				E2D9E56B1F3D30F500B69E01 /* Delegates-Protocols.app */,
			);
			name = Products;
			sourceTree = "<group>";
		};
		E2D9E56D1F3D30F500B69E01 /* Delegates-Protocols */ = {
			isa = PBXGroup;
			children = (
				E2D9E56E1F3D30F500B69E01 /* AppDelegate.swift */,
				E2D9E5701F3D30F500B69E01 /* BaseController.swift */,
				E25EDBD31F3D343D00391C79 /* SelectionViewController.swift */,
				E2D9E5721F3D30F500B69E01 /* Main.storyboard */,
				E2D9E5801F3D31E800B69E01 /* pokemon.png */,
				E2D9E5771F3D30F500B69E01 /* LaunchScreen.storyboard */,
				E2D9E57A1F3D30F500B69E01 /* Info.plist */,
				E25EDBD71F3D37BA00391C79 /* Assets.xcassets */,
			);
			path = "Delegates-Protocols";
			sourceTree = "<group>";
		};
/* End PBXGroup section */

/* Begin PBXNativeTarget section */
		E2D9E56A1F3D30F500B69E01 /* Delegates-Protocols */ = {
			isa = PBXNativeTarget;
			buildConfigurationList = E2D9E57D1F3D30F500B69E01 /* Build configuration list for PBXNativeTarget "Delegates-Protocols" */;
			buildPhases = (
				E2D9E5671F3D30F500B69E01 /* Sources */,
				E2D9E5681F3D30F500B69E01 /* Frameworks */,
				E2D9E5691F3D30F500B69E01 /* Resources */,
			);
			buildRules = (
			);
			dependencies = (
			);
			name = "Delegates-Protocols";
			productName = "Delegates-Protocols";
			productReference = E2D9E56B1F3D30F500B69E01 /* Delegates-Protocols.app */;
			productType = "com.apple.product-type.application";
		};
/* End PBXNativeTarget section */

/* Begin PBXProject section */
		E2D9E5631F3D30F500B69E01 /* Project object */ = {
			isa = PBXProject;
			attributes = {
				LastSwiftUpdateCheck = 0820;
				LastUpgradeCheck = 0820;
				ORGANIZATIONNAME = "Preston Jordan";
				TargetAttributes = {
					E2D9E56A1F3D30F500B69E01 = {
						CreatedOnToolsVersion = 8.2.1;
						DevelopmentTeam = 8W27MW6Q8G;
						ProvisioningStyle = Automatic;
					};
				};
			};
			buildConfigurationList = E2D9E5661F3D30F500B69E01 /* Build configuration list for PBXProject "Delegates-Protocols" */;
			compatibilityVersion = "Xcode 3.2";
			developmentRegion = English;
			hasScannedForEncodings = 0;
			knownRegions = (
				en,
				Base,
			);
			mainGroup = E2D9E5621F3D30F500B69E01;
			productRefGroup = E2D9E56C1F3D30F500B69E01 /* Products */;
			projectDirPath = "";
			projectRoot = "";
			targets = (
				E2D9E56A1F3D30F500B69E01 /* Delegates-Protocols */,
			);
		};
/* End PBXProject section */

/* Begin PBXResourcesBuildPhase section */
		E2D9E5691F3D30F500B69E01 /* Resources */ = {
			isa = PBXResourcesBuildPhase;
			buildActionMask = 2147483647;
			files = (
				E2D9E5791F3D30F500B69E01 /* LaunchScreen.storyboard in Resources */,
				E2D9E5741F3D30F500B69E01 /* Main.storyboard in Resources */,
				E25EDBD81F3D37BA00391C79 /* Assets.xcassets in Resources */,
				E2D9E5811F3D31E800B69E01 /* pokemon.png in Resources */,
			);
			runOnlyForDeploymentPostprocessing = 0;
		};
/* End PBXResourcesBuildPhase section */

/* Begin PBXSourcesBuildPhase section */
		E2D9E5671F3D30F500B69E01 /* Sources */ = {
			isa = PBXSourcesBuildPhase;
			buildActionMask = 2147483647;
			files = (
				E2D9E5711F3D30F500B69E01 /* BaseController.swift in Sources */,
				E25EDBD41F3D343D00391C79 /* SelectionViewController.swift in Sources */,
				E2D9E56F1F3D30F500B69E01 /* AppDelegate.swift in Sources */,
			);
			runOnlyForDeploymentPostprocessing = 0;
		};
/* End PBXSourcesBuildPhase section */

/* Begin PBXVariantGroup section */
		E2D9E5721F3D30F500B69E01 /* Main.storyboard */ = {
			isa = PBXVariantGroup;
			children = (
				E2D9E5731F3D30F500B69E01 /* Base */,
			);
			name = Main.storyboard;
			sourceTree = "<group>";
		};
		E2D9E5771F3D30F500B69E01 /* LaunchScreen.storyboard */ = {
			isa = PBXVariantGroup;
			children = (
				E2D9E5781F3D30F500B69E01 /* Base */,
			);
			name = LaunchScreen.storyboard;
			sourceTree = "<group>";
		};
/* End PBXVariantGroup section */

/* Begin XCBuildConfiguration section */
		E2D9E57B1F3D30F500B69E01 /* Debug */ = {
			isa = XCBuildConfiguration;
			buildSettings = {
				ALWAYS_SEARCH_USER_PATHS = NO;
				CLANG_ANALYZER_NONNULL = YES;
				CLANG_CXX_LANGUAGE_STANDARD = "gnu++0x";
				CLANG_CXX_LIBRARY = "libc++";
				CLANG_ENABLE_MODULES = YES;
				CLANG_ENABLE_OBJC_ARC = YES;
				CLANG_WARN_BOOL_CONVERSION = YES;
				CLANG_WARN_CONSTANT_CONVERSION = YES;
				CLANG_WARN_DIRECT_OBJC_ISA_USAGE = YES_ERROR;
				CLANG_WARN_DOCUMENTATION_COMMENTS = YES;
				CLANG_WARN_EMPTY_BODY = YES;
				CLANG_WARN_ENUM_CONVERSION = YES;
				CLANG_WARN_INFINITE_RECURSION = YES;
				CLANG_WARN_INT_CONVERSION = YES;
				CLANG_WARN_OBJC_ROOT_CLASS = YES_ERROR;
				CLANG_WARN_SUSPICIOUS_MOVE = YES;
				CLANG_WARN_UNREACHABLE_CODE = YES;
				CLANG_WARN__DUPLICATE_METHOD_MATCH = YES;
				"CODE_SIGN_IDENTITY[sdk=iphoneos*]" = "iPhone Developer";
				COPY_PHASE_STRIP = NO;
				DEBUG_INFORMATION_FORMAT = dwarf;
				ENABLE_STRICT_OBJC_MSGSEND = YES;
				ENABLE_TESTABILITY = YES;
				GCC_C_LANGUAGE_STANDARD = gnu99;
				GCC_DYNAMIC_NO_PIC = NO;
				GCC_NO_COMMON_BLOCKS = YES;
				GCC_OPTIMIZATION_LEVEL = 0;
				GCC_PREPROCESSOR_DEFINITIONS = (
					"DEBUG=1",
					"$(inherited)",
				);
				GCC_WARN_64_TO_32_BIT_CONVERSION = YES;
				GCC_WARN_ABOUT_RETURN_TYPE = YES_ERROR;
				GCC_WARN_UNDECLARED_SELECTOR = YES;
				GCC_WARN_UNINITIALIZED_AUTOS = YES_AGGRESSIVE;
				GCC_WARN_UNUSED_FUNCTION = YES;
				GCC_WARN_UNUSED_VARIABLE = YES;
				IPHONEOS_DEPLOYMENT_TARGET = 10.2;
				MTL_ENABLE_DEBUG_INFO = YES;
				ONLY_ACTIVE_ARCH = YES;
				SDKROOT = iphoneos;
				SWIFT_ACTIVE_COMPILATION_CONDITIONS = DEBUG;
				SWIFT_OPTIMIZATION_LEVEL = "-Onone";
				TARGETED_DEVICE_FAMILY = "1,2";
			};
			name = Debug;
		};
		E2D9E57C1F3D30F500B69E01 /* Release */ = {
			isa = XCBuildConfiguration;
			buildSettings = {
				ALWAYS_SEARCH_USER_PATHS = NO;
				CLANG_ANALYZER_NONNULL = YES;
				CLANG_CXX_LANGUAGE_STANDARD = "gnu++0x";
				CLANG_CXX_LIBRARY = "libc++";
				CLANG_ENABLE_MODULES = YES;
				CLANG_ENABLE_OBJC_ARC = YES;
				CLANG_WARN_BOOL_CONVERSION = YES;
				CLANG_WARN_CONSTANT_CONVERSION = YES;
				CLANG_WARN_DIRECT_OBJC_ISA_USAGE = YES_ERROR;
				CLANG_WARN_DOCUMENTATION_COMMENTS = YES;
				CLANG_WARN_EMPTY_BODY = YES;
				CLANG_WARN_ENUM_CONVERSION = YES;
				CLANG_WARN_INFINITE_RECURSION = YES;
				CLANG_WARN_INT_CONVERSION = YES;
				CLANG_WARN_OBJC_ROOT_CLASS = YES_ERROR;
				CLANG_WARN_SUSPICIOUS_MOVE = YES;
				CLANG_WARN_UNREACHABLE_CODE = YES;
				CLANG_WARN__DUPLICATE_METHOD_MATCH = YES;
				"CODE_SIGN_IDENTITY[sdk=iphoneos*]" = "iPhone Developer";
				COPY_PHASE_STRIP = NO;
				DEBUG_INFORMATION_FORMAT = "dwarf-with-dsym";
				ENABLE_NS_ASSERTIONS = NO;
				ENABLE_STRICT_OBJC_MSGSEND = YES;
				GCC_C_LANGUAGE_STANDARD = gnu99;
				GCC_NO_COMMON_BLOCKS = YES;
				GCC_WARN_64_TO_32_BIT_CONVERSION = YES;
				GCC_WARN_ABOUT_RETURN_TYPE = YES_ERROR;
				GCC_WARN_UNDECLARED_SELECTOR = YES;
				GCC_WARN_UNINITIALIZED_AUTOS = YES_AGGRESSIVE;
				GCC_WARN_UNUSED_FUNCTION = YES;
				GCC_WARN_UNUSED_VARIABLE = YES;
				IPHONEOS_DEPLOYMENT_TARGET = 10.2;
				MTL_ENABLE_DEBUG_INFO = NO;
				SDKROOT = iphoneos;
				SWIFT_OPTIMIZATION_LEVEL = "-Owholemodule";
				TARGETED_DEVICE_FAMILY = "1,2";
				VALIDATE_PRODUCT = YES;
			};
			name = Release;
		};
		E2D9E57E1F3D30F500B69E01 /* Debug */ = {
			isa = XCBuildConfiguration;
			buildSettings = {
				ASSETCATALOG_COMPILER_APPICON_NAME = AppIcon;
				DEVELOPMENT_TEAM = 8W27MW6Q8G;
				INFOPLIST_FILE = "Delegates-Protocols/Info.plist";
				LD_RUNPATH_SEARCH_PATHS = "$(inherited) @executable_path/Frameworks";
				PRODUCT_BUNDLE_IDENTIFIER = "prestonjordan.Delegates-Protocols";
				PRODUCT_NAME = "$(TARGET_NAME)";
				SWIFT_VERSION = 3.0;
			};
			name = Debug;
		};
		E2D9E57F1F3D30F500B69E01 /* Release */ = {
			isa = XCBuildConfiguration;
			buildSettings = {
				ASSETCATALOG_COMPILER_APPICON_NAME = AppIcon;
				DEVELOPMENT_TEAM = 8W27MW6Q8G;
				INFOPLIST_FILE = "Delegates-Protocols/Info.plist";
				LD_RUNPATH_SEARCH_PATHS = "$(inherited) @executable_path/Frameworks";
				PRODUCT_BUNDLE_IDENTIFIER = "prestonjordan.Delegates-Protocols";
				PRODUCT_NAME = "$(TARGET_NAME)";
				SWIFT_VERSION = 3.0;
			};
			name = Release;
		};
/* End XCBuildConfiguration section */

/* Begin XCConfigurationList section */
		E2D9E5661F3D30F500B69E01 /* Build configuration list for PBXProject "Delegates-Protocols" */ = {
			isa = XCConfigurationList;
			buildConfigurations = (
				E2D9E57B1F3D30F500B69E01 /* Debug */,
				E2D9E57C1F3D30F500B69E01 /* Release */,
			);
			defaultConfigurationIsVisible = 0;
			defaultConfigurationName = Release;
		};
		E2D9E57D1F3D30F500B69E01 /* Build configuration list for PBXNativeTarget "Delegates-Protocols" */ = {
			isa = XCConfigurationList;
			buildConfigurations = (
				E2D9E57E1F3D30F500B69E01 /* Debug */,
				E2D9E57F1F3D30F500B69E01 /* Release */,
			);
			defaultConfigurationIsVisible = 0;
			defaultConfigurationName = Release;
		};
/* End XCConfigurationList section */
	};
	rootObject = E2D9E5631F3D30F500B69E01 /* Project object */;
}
